
Microsoft Visual Studio Solution File, Format Version 12.00
# Visual Studio 2012
Project("{FAE04EC0-301F-11D3-BF4B-00C04F79EFBC}") = "Clifton.Core", "Clifton.Core.csproj", "{54E73707-81C4-4C7F-9739-446C6D7D5FEA}"
EndProject
Project("{2150E333-8FDC-42A3-9474-1A3956D46DE8}") = "Services", "Services", "{D09F6EA0-A3DC-4B8C-BAC0-6872901FCEF0}"
EndProject
Project("{FAE04EC0-301F-11D3-BF4B-00C04F79EFBC}") = "Clifton.AppConfigService", "Services\Clifton.AppConfigService\Clifton.AppConfigService.csproj", "{28EC665D-37C1-41D4-BD96-3005A7078630}"
EndProject
Project("{FAE04EC0-301F-11D3-BF4B-00C04F79EFBC}") = "Clifton.ConsoleCriticalExceptionService", "Services\Clifton.ConsoleCriticalExceptionService\Clifton.ConsoleCriticalExceptionService.csproj", "{78B647EF-64BB-4B83-BFFB-9AF797D3042D}"
EndProject
Project("{FAE04EC0-301F-11D3-BF4B-00C04F79EFBC}") = "Clifton.ConsoleLoggerService", "Services\Clifton.ConsoleLoggerService\Clifton.ConsoleLoggerService.csproj", "{5DEC169A-D073-4744-B202-56CC95E4D0B8}"
EndProject
Project("{FAE04EC0-301F-11D3-BF4B-00C04F79EFBC}") = "Clifton.DatabaseService", "Services\Clifton.DatabaseService\Clifton.DatabaseService.csproj", "{CC5FC049-F7C3-486B-B67B-700CA008EF22}"
EndProject
Project("{FAE04EC0-301F-11D3-BF4B-00C04F79EFBC}") = "Clifton.SemanticProcessorService", "Services\Clifton.SemanticProcessorService\Clifton.SemanticProcessorService.csproj", "{B716A014-8C9F-4A24-83A4-ACBAE19C28C5}"
EndProject
Project("{2150E333-8FDC-42A3-9474-1A3956D46DE8}") = "Web", "Web", "{30D314C4-28A1-4FB6-BEBA-BDD40AF2F677}"
EndProject
Project("{2150E333-8FDC-42A3-9474-1A3956D46DE8}") = "Third Party", "Third Party", "{69BC52C5-F60B-4C3C-BD98-F8059D71FC2C}"
EndProject
Project("{FAE04EC0-301F-11D3-BF4B-00C04F79EFBC}") = "websocket-sharp", "Third Party\websocket-sharp\websocket-sharp.csproj", "{B357BAC7-529E-4D81-A0D2-71041B19C8DE}"
EndProject
Project("{FAE04EC0-301F-11D3-BF4B-00C04F79EFBC}") = "Clifton.Core.Web.WebSocketService", "web\Clifton.Core.Web.WebSocketService\Clifton.Core.Web.WebSocketService.csproj", "{BE8011E9-7CF9-4F41-8774-F8F173C22BC6}"
EndProject
Project("{FAE04EC0-301F-11D3-BF4B-00C04F79EFBC}") = "Clifton.Core.Web.WebInterfaces", "Web\Clifton.Core.Web.WebInterfaces\Clifton.Core.Web.WebInterfaces.csproj", "{A5FC05C0-66FB-4ACB-B421-7364D810DBD6}"
EndProject
Project("{FAE04EC0-301F-11D3-BF4B-00C04F79EFBC}") = "Clifton.Core.Data.Abstractions", "Clifton.Core.Data.Abstractions\Clifton.Core.Data.Abstractions.csproj", "{4167F6D5-3BA6-4D64-B683-1D1ED859F82B}"
EndProject
Project("{FAE04EC0-301F-11D3-BF4B-00C04F79EFBC}") = "Clifton.Core.ModelBinding", "Clifton.Core.ModelBinding\Clifton.Core.ModelBinding.csproj", "{253585E1-5498-48E1-9ACC-5CD786C8B519}"
EndProject
Project("{FAE04EC0-301F-11D3-BF4B-00C04F79EFBC}") = "Clifton.Core.Data.SqlServer", "Clifton.Core.Data.SqlServer\Clifton.Core.Data.SqlServer.csproj", "{E7C4392E-D4C6-40BB-B42B-444754F0C11D}"
EndProject
Project("{2150E333-8FDC-42A3-9474-1A3956D46DE8}") = "Tests", "Tests", "{3F35648D-0947-4C02-B140-84600CFC956B}"
EndProject
Project("{FAE04EC0-301F-11D3-BF4B-00C04F79EFBC}") = "Clifton.Core.ModelBinding.Tests", "Tests\Clifton.Core.ModelBinding.Tests\Clifton.Core.ModelBinding.Tests.csproj", "{907DBCB5-C028-4CE7-8330-8DEE8B26C8DC}"
EndProject
Project("{FAE04EC0-301F-11D3-BF4B-00C04F79EFBC}") = "Clifton.Core.Data.SqlServer.Tests", "Tests\Clifton.Core.Data.SqlServer.Tests\Clifton.Core.Data.SqlServer.Tests.csproj", "{4D8B8EF8-B852-48C0-BD1E-0FA4DF5C80B5}"
EndProject
Global
	GlobalSection(SolutionConfigurationPlatforms) = preSolution
		Debug_Ubuntu|Any CPU = Debug_Ubuntu|Any CPU
		Debug_Ubuntu|x86 = Debug_Ubuntu|x86
		Debug|Any CPU = Debug|Any CPU
		Debug|x86 = Debug|x86
		Release_Ubuntu|Any CPU = Release_Ubuntu|Any CPU
		Release_Ubuntu|x86 = Release_Ubuntu|x86
		Release|Any CPU = Release|Any CPU
		Release|x86 = Release|x86
	EndGlobalSection
	GlobalSection(ProjectConfigurationPlatforms) = postSolution
		{54E73707-81C4-4C7F-9739-446C6D7D5FEA}.Debug_Ubuntu|Any CPU.ActiveCfg = Debug|Any CPU
		{54E73707-81C4-4C7F-9739-446C6D7D5FEA}.Debug_Ubuntu|Any CPU.Build.0 = Debug|Any CPU
		{54E73707-81C4-4C7F-9739-446C6D7D5FEA}.Debug_Ubuntu|x86.ActiveCfg = Debug|Any CPU
		{54E73707-81C4-4C7F-9739-446C6D7D5FEA}.Debug|Any CPU.ActiveCfg = Debug|Any CPU
		{54E73707-81C4-4C7F-9739-446C6D7D5FEA}.Debug|Any CPU.Build.0 = Debug|Any CPU
		{54E73707-81C4-4C7F-9739-446C6D7D5FEA}.Debug|x86.ActiveCfg = Debug|Any CPU
		{54E73707-81C4-4C7F-9739-446C6D7D5FEA}.Release_Ubuntu|Any CPU.ActiveCfg = Release|Any CPU
		{54E73707-81C4-4C7F-9739-446C6D7D5FEA}.Release_Ubuntu|Any CPU.Build.0 = Release|Any CPU
		{54E73707-81C4-4C7F-9739-446C6D7D5FEA}.Release_Ubuntu|x86.ActiveCfg = Release|Any CPU
		{54E73707-81C4-4C7F-9739-446C6D7D5FEA}.Release|Any CPU.ActiveCfg = Release|Any CPU
		{54E73707-81C4-4C7F-9739-446C6D7D5FEA}.Release|Any CPU.Build.0 = Release|Any CPU
		{54E73707-81C4-4C7F-9739-446C6D7D5FEA}.Release|x86.ActiveCfg = Release|Any CPU
		{28EC665D-37C1-41D4-BD96-3005A7078630}.Debug_Ubuntu|Any CPU.ActiveCfg = Debug|Any CPU
		{28EC665D-37C1-41D4-BD96-3005A7078630}.Debug_Ubuntu|Any CPU.Build.0 = Debug|Any CPU
		{28EC665D-37C1-41D4-BD96-3005A7078630}.Debug_Ubuntu|x86.ActiveCfg = Debug|Any CPU
		{28EC665D-37C1-41D4-BD96-3005A7078630}.Debug|Any CPU.ActiveCfg = Debug|Any CPU
		{28EC665D-37C1-41D4-BD96-3005A7078630}.Debug|Any CPU.Build.0 = Debug|Any CPU
		{28EC665D-37C1-41D4-BD96-3005A7078630}.Debug|x86.ActiveCfg = Debug|Any CPU
		{28EC665D-37C1-41D4-BD96-3005A7078630}.Release_Ubuntu|Any CPU.ActiveCfg = Release|Any CPU
		{28EC665D-37C1-41D4-BD96-3005A7078630}.Release_Ubuntu|Any CPU.Build.0 = Release|Any CPU
		{28EC665D-37C1-41D4-BD96-3005A7078630}.Release_Ubuntu|x86.ActiveCfg = Release|Any CPU
		{28EC665D-37C1-41D4-BD96-3005A7078630}.Release|Any CPU.ActiveCfg = Release|Any CPU
		{28EC665D-37C1-41D4-BD96-3005A7078630}.Release|Any CPU.Build.0 = Release|Any CPU
		{28EC665D-37C1-41D4-BD96-3005A7078630}.Release|x86.ActiveCfg = Release|Any CPU
		{78B647EF-64BB-4B83-BFFB-9AF797D3042D}.Debug_Ubuntu|Any CPU.ActiveCfg = Debug|Any CPU
		{78B647EF-64BB-4B83-BFFB-9AF797D3042D}.Debug_Ubuntu|Any CPU.Build.0 = Debug|Any CPU
		{78B647EF-64BB-4B83-BFFB-9AF797D3042D}.Debug_Ubuntu|x86.ActiveCfg = Debug|Any CPU
		{78B647EF-64BB-4B83-BFFB-9AF797D3042D}.Debug|Any CPU.ActiveCfg = Debug|Any CPU
		{78B647EF-64BB-4B83-BFFB-9AF797D3042D}.Debug|Any CPU.Build.0 = Debug|Any CPU
		{78B647EF-64BB-4B83-BFFB-9AF797D3042D}.Debug|x86.ActiveCfg = Debug|Any CPU
		{78B647EF-64BB-4B83-BFFB-9AF797D3042D}.Release_Ubuntu|Any CPU.ActiveCfg = Release|Any CPU
		{78B647EF-64BB-4B83-BFFB-9AF797D3042D}.Release_Ubuntu|Any CPU.Build.0 = Release|Any CPU
		{78B647EF-64BB-4B83-BFFB-9AF797D3042D}.Release_Ubuntu|x86.ActiveCfg = Release|Any CPU
		{78B647EF-64BB-4B83-BFFB-9AF797D3042D}.Release|Any CPU.ActiveCfg = Release|Any CPU
		{78B647EF-64BB-4B83-BFFB-9AF797D3042D}.Release|Any CPU.Build.0 = Release|Any CPU
		{78B647EF-64BB-4B83-BFFB-9AF797D3042D}.Release|x86.ActiveCfg = Release|Any CPU
		{5DEC169A-D073-4744-B202-56CC95E4D0B8}.Debug_Ubuntu|Any CPU.ActiveCfg = Debug|Any CPU
		{5DEC169A-D073-4744-B202-56CC95E4D0B8}.Debug_Ubuntu|Any CPU.Build.0 = Debug|Any CPU
		{5DEC169A-D073-4744-B202-56CC95E4D0B8}.Debug_Ubuntu|x86.ActiveCfg = Debug|Any CPU
		{5DEC169A-D073-4744-B202-56CC95E4D0B8}.Debug|Any CPU.ActiveCfg = Debug|Any CPU
		{5DEC169A-D073-4744-B202-56CC95E4D0B8}.Debug|Any CPU.Build.0 = Debug|Any CPU
		{5DEC169A-D073-4744-B202-56CC95E4D0B8}.Debug|x86.ActiveCfg = Debug|Any CPU
		{5DEC169A-D073-4744-B202-56CC95E4D0B8}.Release_Ubuntu|Any CPU.ActiveCfg = Release|Any CPU
		{5DEC169A-D073-4744-B202-56CC95E4D0B8}.Release_Ubuntu|Any CPU.Build.0 = Release|Any CPU
		{5DEC169A-D073-4744-B202-56CC95E4D0B8}.Release_Ubuntu|x86.ActiveCfg = Release|Any CPU
		{5DEC169A-D073-4744-B202-56CC95E4D0B8}.Release|Any CPU.ActiveCfg = Release|Any CPU
		{5DEC169A-D073-4744-B202-56CC95E4D0B8}.Release|Any CPU.Build.0 = Release|Any CPU
		{5DEC169A-D073-4744-B202-56CC95E4D0B8}.Release|x86.ActiveCfg = Release|Any CPU
		{CC5FC049-F7C3-486B-B67B-700CA008EF22}.Debug_Ubuntu|Any CPU.ActiveCfg = Debug|Any CPU
		{CC5FC049-F7C3-486B-B67B-700CA008EF22}.Debug_Ubuntu|Any CPU.Build.0 = Debug|Any CPU
		{CC5FC049-F7C3-486B-B67B-700CA008EF22}.Debug_Ubuntu|x86.ActiveCfg = Debug|Any CPU
		{CC5FC049-F7C3-486B-B67B-700CA008EF22}.Debug|Any CPU.ActiveCfg = Debug|Any CPU
		{CC5FC049-F7C3-486B-B67B-700CA008EF22}.Debug|Any CPU.Build.0 = Debug|Any CPU
		{CC5FC049-F7C3-486B-B67B-700CA008EF22}.Debug|x86.ActiveCfg = Debug|Any CPU
		{CC5FC049-F7C3-486B-B67B-700CA008EF22}.Release_Ubuntu|Any CPU.ActiveCfg = Release|Any CPU
		{CC5FC049-F7C3-486B-B67B-700CA008EF22}.Release_Ubuntu|Any CPU.Build.0 = Release|Any CPU
		{CC5FC049-F7C3-486B-B67B-700CA008EF22}.Release_Ubuntu|x86.ActiveCfg = Release|Any CPU
		{CC5FC049-F7C3-486B-B67B-700CA008EF22}.Release|Any CPU.ActiveCfg = Release|Any CPU
		{CC5FC049-F7C3-486B-B67B-700CA008EF22}.Release|Any CPU.Build.0 = Release|Any CPU
		{CC5FC049-F7C3-486B-B67B-700CA008EF22}.Release|x86.ActiveCfg = Release|Any CPU
		{B716A014-8C9F-4A24-83A4-ACBAE19C28C5}.Debug_Ubuntu|Any CPU.ActiveCfg = Debug|Any CPU
		{B716A014-8C9F-4A24-83A4-ACBAE19C28C5}.Debug_Ubuntu|Any CPU.Build.0 = Debug|Any CPU
		{B716A014-8C9F-4A24-83A4-ACBAE19C28C5}.Debug_Ubuntu|x86.ActiveCfg = Debug|Any CPU
		{B716A014-8C9F-4A24-83A4-ACBAE19C28C5}.Debug|Any CPU.ActiveCfg = Debug|Any CPU
		{B716A014-8C9F-4A24-83A4-ACBAE19C28C5}.Debug|Any CPU.Build.0 = Debug|Any CPU
		{B716A014-8C9F-4A24-83A4-ACBAE19C28C5}.Debug|x86.ActiveCfg = Debug|Any CPU
		{B716A014-8C9F-4A24-83A4-ACBAE19C28C5}.Release_Ubuntu|Any CPU.ActiveCfg = Release|Any CPU
		{B716A014-8C9F-4A24-83A4-ACBAE19C28C5}.Release_Ubuntu|Any CPU.Build.0 = Release|Any CPU
		{B716A014-8C9F-4A24-83A4-ACBAE19C28C5}.Release_Ubuntu|x86.ActiveCfg = Release|Any CPU
		{B716A014-8C9F-4A24-83A4-ACBAE19C28C5}.Release|Any CPU.ActiveCfg = Release|Any CPU
		{B716A014-8C9F-4A24-83A4-ACBAE19C28C5}.Release|Any CPU.Build.0 = Release|Any CPU
		{B716A014-8C9F-4A24-83A4-ACBAE19C28C5}.Release|x86.ActiveCfg = Release|Any CPU
		{B357BAC7-529E-4D81-A0D2-71041B19C8DE}.Debug_Ubuntu|Any CPU.ActiveCfg = Debug_Ubuntu|Any CPU
		{B357BAC7-529E-4D81-A0D2-71041B19C8DE}.Debug_Ubuntu|Any CPU.Build.0 = Debug_Ubuntu|Any CPU
		{B357BAC7-529E-4D81-A0D2-71041B19C8DE}.Debug_Ubuntu|x86.ActiveCfg = Debug_Ubuntu|x86
		{B357BAC7-529E-4D81-A0D2-71041B19C8DE}.Debug_Ubuntu|x86.Build.0 = Debug_Ubuntu|x86
		{B357BAC7-529E-4D81-A0D2-71041B19C8DE}.Debug|Any CPU.ActiveCfg = Debug|Any CPU
		{B357BAC7-529E-4D81-A0D2-71041B19C8DE}.Debug|Any CPU.Build.0 = Debug|Any CPU
		{B357BAC7-529E-4D81-A0D2-71041B19C8DE}.Debug|x86.ActiveCfg = Debug|x86
		{B357BAC7-529E-4D81-A0D2-71041B19C8DE}.Debug|x86.Build.0 = Debug|x86
		{B357BAC7-529E-4D81-A0D2-71041B19C8DE}.Release_Ubuntu|Any CPU.ActiveCfg = Release_Ubuntu|Any CPU
		{B357BAC7-529E-4D81-A0D2-71041B19C8DE}.Release_Ubuntu|Any CPU.Build.0 = Release_Ubuntu|Any CPU
		{B357BAC7-529E-4D81-A0D2-71041B19C8DE}.Release_Ubuntu|x86.ActiveCfg = Release_Ubuntu|x86
		{B357BAC7-529E-4D81-A0D2-71041B19C8DE}.Release_Ubuntu|x86.Build.0 = Release_Ubuntu|x86
		{B357BAC7-529E-4D81-A0D2-71041B19C8DE}.Release|Any CPU.ActiveCfg = Release|Any CPU
		{B357BAC7-529E-4D81-A0D2-71041B19C8DE}.Release|Any CPU.Build.0 = Release|Any CPU
		{B357BAC7-529E-4D81-A0D2-71041B19C8DE}.Release|x86.ActiveCfg = Release|x86
		{B357BAC7-529E-4D81-A0D2-71041B19C8DE}.Release|x86.Build.0 = Release|x86
		{BE8011E9-7CF9-4F41-8774-F8F173C22BC6}.Debug_Ubuntu|Any CPU.ActiveCfg = Debug|Any CPU
		{BE8011E9-7CF9-4F41-8774-F8F173C22BC6}.Debug_Ubuntu|Any CPU.Build.0 = Debug|Any CPU
		{BE8011E9-7CF9-4F41-8774-F8F173C22BC6}.Debug_Ubuntu|x86.ActiveCfg = Debug|Any CPU
		{BE8011E9-7CF9-4F41-8774-F8F173C22BC6}.Debug|Any CPU.ActiveCfg = Debug|Any CPU
		{BE8011E9-7CF9-4F41-8774-F8F173C22BC6}.Debug|Any CPU.Build.0 = Debug|Any CPU
		{BE8011E9-7CF9-4F41-8774-F8F173C22BC6}.Debug|x86.ActiveCfg = Debug|Any CPU
		{BE8011E9-7CF9-4F41-8774-F8F173C22BC6}.Release_Ubuntu|Any CPU.ActiveCfg = Release|Any CPU
		{BE8011E9-7CF9-4F41-8774-F8F173C22BC6}.Release_Ubuntu|Any CPU.Build.0 = Release|Any CPU
		{BE8011E9-7CF9-4F41-8774-F8F173C22BC6}.Release_Ubuntu|x86.ActiveCfg = Release|Any CPU
		{BE8011E9-7CF9-4F41-8774-F8F173C22BC6}.Release|Any CPU.ActiveCfg = Release|Any CPU
		{BE8011E9-7CF9-4F41-8774-F8F173C22BC6}.Release|Any CPU.Build.0 = Release|Any CPU
		{BE8011E9-7CF9-4F41-8774-F8F173C22BC6}.Release|x86.ActiveCfg = Release|Any CPU
		{A5FC05C0-66FB-4ACB-B421-7364D810DBD6}.Debug_Ubuntu|Any CPU.ActiveCfg = Debug|Any CPU
		{A5FC05C0-66FB-4ACB-B421-7364D810DBD6}.Debug_Ubuntu|Any CPU.Build.0 = Debug|Any CPU
		{A5FC05C0-66FB-4ACB-B421-7364D810DBD6}.Debug_Ubuntu|x86.ActiveCfg = Debug|Any CPU
		{A5FC05C0-66FB-4ACB-B421-7364D810DBD6}.Debug|Any CPU.ActiveCfg = Debug|Any CPU
		{A5FC05C0-66FB-4ACB-B421-7364D810DBD6}.Debug|Any CPU.Build.0 = Debug|Any CPU
		{A5FC05C0-66FB-4ACB-B421-7364D810DBD6}.Debug|x86.ActiveCfg = Debug|Any CPU
		{A5FC05C0-66FB-4ACB-B421-7364D810DBD6}.Release_Ubuntu|Any CPU.ActiveCfg = Release|Any CPU
		{A5FC05C0-66FB-4ACB-B421-7364D810DBD6}.Release_Ubuntu|Any CPU.Build.0 = Release|Any CPU
		{A5FC05C0-66FB-4ACB-B421-7364D810DBD6}.Release_Ubuntu|x86.ActiveCfg = Release|Any CPU
		{A5FC05C0-66FB-4ACB-B421-7364D810DBD6}.Release|Any CPU.ActiveCfg = Release|Any CPU
		{A5FC05C0-66FB-4ACB-B421-7364D810DBD6}.Release|Any CPU.Build.0 = Release|Any CPU
		{A5FC05C0-66FB-4ACB-B421-7364D810DBD6}.Release|x86.ActiveCfg = Release|Any CPU
		{4167F6D5-3BA6-4D64-B683-1D1ED859F82B}.Debug_Ubuntu|Any CPU.ActiveCfg = Debug|Any CPU
		{4167F6D5-3BA6-4D64-B683-1D1ED859F82B}.Debug_Ubuntu|Any CPU.Build.0 = Debug|Any CPU
		{4167F6D5-3BA6-4D64-B683-1D1ED859F82B}.Debug_Ubuntu|x86.ActiveCfg = Debug|Any CPU
		{4167F6D5-3BA6-4D64-B683-1D1ED859F82B}.Debug_Ubuntu|x86.Build.0 = Debug|Any CPU
		{4167F6D5-3BA6-4D64-B683-1D1ED859F82B}.Debug|Any CPU.ActiveCfg = Debug|Any CPU
		{4167F6D5-3BA6-4D64-B683-1D1ED859F82B}.Debug|Any CPU.Build.0 = Debug|Any CPU
		{4167F6D5-3BA6-4D64-B683-1D1ED859F82B}.Debug|x86.ActiveCfg = Debug|Any CPU
		{4167F6D5-3BA6-4D64-B683-1D1ED859F82B}.Debug|x86.Build.0 = Debug|Any CPU
		{4167F6D5-3BA6-4D64-B683-1D1ED859F82B}.Release_Ubuntu|Any CPU.ActiveCfg = Debug|Any CPU
		{4167F6D5-3BA6-4D64-B683-1D1ED859F82B}.Release_Ubuntu|Any CPU.Build.0 = Debug|Any CPU
		{4167F6D5-3BA6-4D64-B683-1D1ED859F82B}.Release_Ubuntu|x86.ActiveCfg = Debug|Any CPU
		{4167F6D5-3BA6-4D64-B683-1D1ED859F82B}.Release_Ubuntu|x86.Build.0 = Debug|Any CPU
		{4167F6D5-3BA6-4D64-B683-1D1ED859F82B}.Release|Any CPU.ActiveCfg = Release|Any CPU
		{4167F6D5-3BA6-4D64-B683-1D1ED859F82B}.Release|Any CPU.Build.0 = Release|Any CPU
		{4167F6D5-3BA6-4D64-B683-1D1ED859F82B}.Release|x86.ActiveCfg = Release|Any CPU
		{4167F6D5-3BA6-4D64-B683-1D1ED859F82B}.Release|x86.Build.0 = Release|Any CPU
		{253585E1-5498-48E1-9ACC-5CD786C8B519}.Debug_Ubuntu|Any CPU.ActiveCfg = Debug|Any CPU
		{253585E1-5498-48E1-9ACC-5CD786C8B519}.Debug_Ubuntu|Any CPU.Build.0 = Debug|Any CPU
		{253585E1-5498-48E1-9ACC-5CD786C8B519}.Debug_Ubuntu|x86.ActiveCfg = Debug|Any CPU
		{253585E1-5498-48E1-9ACC-5CD786C8B519}.Debug_Ubuntu|x86.Build.0 = Debug|Any CPU
		{253585E1-5498-48E1-9ACC-5CD786C8B519}.Debug|Any CPU.ActiveCfg = Debug|Any CPU
		{253585E1-5498-48E1-9ACC-5CD786C8B519}.Debug|Any CPU.Build.0 = Debug|Any CPU
		{253585E1-5498-48E1-9ACC-5CD786C8B519}.Debug|x86.ActiveCfg = Debug|Any CPU
		{253585E1-5498-48E1-9ACC-5CD786C8B519}.Debug|x86.Build.0 = Debug|Any CPU
		{253585E1-5498-48E1-9ACC-5CD786C8B519}.Release_Ubuntu|Any CPU.ActiveCfg = Debug|Any CPU
		{253585E1-5498-48E1-9ACC-5CD786C8B519}.Release_Ubuntu|Any CPU.Build.0 = Debug|Any CPU
		{253585E1-5498-48E1-9ACC-5CD786C8B519}.Release_Ubuntu|x86.ActiveCfg = Debug|Any CPU
		{253585E1-5498-48E1-9ACC-5CD786C8B519}.Release_Ubuntu|x86.Build.0 = Debug|Any CPU
		{253585E1-5498-48E1-9ACC-5CD786C8B519}.Release|Any CPU.ActiveCfg = Release|Any CPU
		{253585E1-5498-48E1-9ACC-5CD786C8B519}.Release|Any CPU.Build.0 = Release|Any CPU
		{253585E1-5498-48E1-9ACC-5CD786C8B519}.Release|x86.ActiveCfg = Release|Any CPU
		{253585E1-5498-48E1-9ACC-5CD786C8B519}.Release|x86.Build.0 = Release|Any CPU
		{E7C4392E-D4C6-40BB-B42B-444754F0C11D}.Debug_Ubuntu|Any CPU.ActiveCfg = Debug|Any CPU
		{E7C4392E-D4C6-40BB-B42B-444754F0C11D}.Debug_Ubuntu|Any CPU.Build.0 = Debug|Any CPU
		{E7C4392E-D4C6-40BB-B42B-444754F0C11D}.Debug_Ubuntu|x86.ActiveCfg = Debug|Any CPU
		{E7C4392E-D4C6-40BB-B42B-444754F0C11D}.Debug_Ubuntu|x86.Build.0 = Debug|Any CPU
		{E7C4392E-D4C6-40BB-B42B-444754F0C11D}.Debug|Any CPU.ActiveCfg = Debug|Any CPU
		{E7C4392E-D4C6-40BB-B42B-444754F0C11D}.Debug|Any CPU.Build.0 = Debug|Any CPU
		{E7C4392E-D4C6-40BB-B42B-444754F0C11D}.Debug|x86.ActiveCfg = Debug|Any CPU
		{E7C4392E-D4C6-40BB-B42B-444754F0C11D}.Debug|x86.Build.0 = Debug|Any CPU
		{E7C4392E-D4C6-40BB-B42B-444754F0C11D}.Release_Ubuntu|Any CPU.ActiveCfg = Debug|Any CPU
		{E7C4392E-D4C6-40BB-B42B-444754F0C11D}.Release_Ubuntu|Any CPU.Build.0 = Debug|Any CPU
		{E7C4392E-D4C6-40BB-B42B-444754F0C11D}.Release_Ubuntu|x86.ActiveCfg = Debug|Any CPU
		{E7C4392E-D4C6-40BB-B42B-444754F0C11D}.Release_Ubuntu|x86.Build.0 = Debug|Any CPU
		{E7C4392E-D4C6-40BB-B42B-444754F0C11D}.Release|Any CPU.ActiveCfg = Release|Any CPU
		{E7C4392E-D4C6-40BB-B42B-444754F0C11D}.Release|Any CPU.Build.0 = Release|Any CPU
		{E7C4392E-D4C6-40BB-B42B-444754F0C11D}.Release|x86.ActiveCfg = Release|Any CPU
		{E7C4392E-D4C6-40BB-B42B-444754F0C11D}.Release|x86.Build.0 = Release|Any CPU
		{907DBCB5-C028-4CE7-8330-8DEE8B26C8DC}.Debug_Ubuntu|Any CPU.ActiveCfg = Debug|Any CPU
		{907DBCB5-C028-4CE7-8330-8DEE8B26C8DC}.Debug_Ubuntu|Any CPU.Build.0 = Debug|Any CPU
		{907DBCB5-C028-4CE7-8330-8DEE8B26C8DC}.Debug_Ubuntu|x86.ActiveCfg = Debug|Any CPU
		{907DBCB5-C028-4CE7-8330-8DEE8B26C8DC}.Debug_Ubuntu|x86.Build.0 = Debug|Any CPU
		{907DBCB5-C028-4CE7-8330-8DEE8B26C8DC}.Debug|Any CPU.ActiveCfg = Debug|Any CPU
		{907DBCB5-C028-4CE7-8330-8DEE8B26C8DC}.Debug|Any CPU.Build.0 = Debug|Any CPU
		{907DBCB5-C028-4CE7-8330-8DEE8B26C8DC}.Debug|x86.ActiveCfg = Debug|Any CPU
		{907DBCB5-C028-4CE7-8330-8DEE8B26C8DC}.Debug|x86.Build.0 = Debug|Any CPU
		{907DBCB5-C028-4CE7-8330-8DEE8B26C8DC}.Release_Ubuntu|Any CPU.ActiveCfg = Debug|Any CPU
		{907DBCB5-C028-4CE7-8330-8DEE8B26C8DC}.Release_Ubuntu|Any CPU.Build.0 = Debug|Any CPU
		{907DBCB5-C028-4CE7-8330-8DEE8B26C8DC}.Release_Ubuntu|x86.ActiveCfg = Debug|Any CPU
		{907DBCB5-C028-4CE7-8330-8DEE8B26C8DC}.Release_Ubuntu|x86.Build.0 = Debug|Any CPU
		{907DBCB5-C028-4CE7-8330-8DEE8B26C8DC}.Release|Any CPU.ActiveCfg = Release|Any CPU
		{907DBCB5-C028-4CE7-8330-8DEE8B26C8DC}.Release|Any CPU.Build.0 = Release|Any CPU
		{907DBCB5-C028-4CE7-8330-8DEE8B26C8DC}.Release|x86.ActiveCfg = Release|Any CPU
		{907DBCB5-C028-4CE7-8330-8DEE8B26C8DC}.Release|x86.Build.0 = Release|Any CPU
		{4D8B8EF8-B852-48C0-BD1E-0FA4DF5C80B5}.Debug_Ubuntu|Any CPU.ActiveCfg = Debug|Any CPU
		{4D8B8EF8-B852-48C0-BD1E-0FA4DF5C80B5}.Debug_Ubuntu|Any CPU.Build.0 = Debug|Any CPU
		{4D8B8EF8-B852-48C0-BD1E-0FA4DF5C80B5}.Debug_Ubuntu|x86.ActiveCfg = Debug|Any CPU
		{4D8B8EF8-B852-48C0-BD1E-0FA4DF5C80B5}.Debug_Ubuntu|x86.Build.0 = Debug|Any CPU
		{4D8B8EF8-B852-48C0-BD1E-0FA4DF5C80B5}.Debug|Any CPU.ActiveCfg = Debug|Any CPU
		{4D8B8EF8-B852-48C0-BD1E-0FA4DF5C80B5}.Debug|Any CPU.Build.0 = Debug|Any CPU
		{4D8B8EF8-B852-48C0-BD1E-0FA4DF5C80B5}.Debug|x86.ActiveCfg = Debug|Any CPU
		{4D8B8EF8-B852-48C0-BD1E-0FA4DF5C80B5}.Debug|x86.Build.0 = Debug|Any CPU
		{4D8B8EF8-B852-48C0-BD1E-0FA4DF5C80B5}.Release_Ubuntu|Any CPU.ActiveCfg = Debug|Any CPU
		{4D8B8EF8-B852-48C0-BD1E-0FA4DF5C80B5}.Release_Ubuntu|Any CPU.Build.0 = Debug|Any CPU
		{4D8B8EF8-B852-48C0-BD1E-0FA4DF5C80B5}.Release_Ubuntu|x86.ActiveCfg = Debug|Any CPU
		{4D8B8EF8-B852-48C0-BD1E-0FA4DF5C80B5}.Release_Ubuntu|x86.Build.0 = Debug|Any CPU
		{4D8B8EF8-B852-48C0-BD1E-0FA4DF5C80B5}.Release|Any CPU.ActiveCfg = Release|Any CPU
		{4D8B8EF8-B852-48C0-BD1E-0FA4DF5C80B5}.Release|Any CPU.Build.0 = Release|Any CPU
		{4D8B8EF8-B852-48C0-BD1E-0FA4DF5C80B5}.Release|x86.ActiveCfg = Release|Any CPU
		{4D8B8EF8-B852-48C0-BD1E-0FA4DF5C80B5}.Release|x86.Build.0 = Release|Any CPU
	EndGlobalSection
	GlobalSection(SolutionProperties) = preSolution
		HideSolutionNode = FALSE
	EndGlobalSection
	GlobalSection(NestedProjects) = preSolution
		{28EC665D-37C1-41D4-BD96-3005A7078630} = {D09F6EA0-A3DC-4B8C-BAC0-6872901FCEF0}
		{78B647EF-64BB-4B83-BFFB-9AF797D3042D} = {D09F6EA0-A3DC-4B8C-BAC0-6872901FCEF0}
		{5DEC169A-D073-4744-B202-56CC95E4D0B8} = {D09F6EA0-A3DC-4B8C-BAC0-6872901FCEF0}
		{CC5FC049-F7C3-486B-B67B-700CA008EF22} = {D09F6EA0-A3DC-4B8C-BAC0-6872901FCEF0}
		{B716A014-8C9F-4A24-83A4-ACBAE19C28C5} = {D09F6EA0-A3DC-4B8C-BAC0-6872901FCEF0}
		{BE8011E9-7CF9-4F41-8774-F8F173C22BC6} = {30D314C4-28A1-4FB6-BEBA-BDD40AF2F677}
		{A5FC05C0-66FB-4ACB-B421-7364D810DBD6} = {30D314C4-28A1-4FB6-BEBA-BDD40AF2F677}
		{B357BAC7-529E-4D81-A0D2-71041B19C8DE} = {69BC52C5-F60B-4C3C-BD98-F8059D71FC2C}
		{907DBCB5-C028-4CE7-8330-8DEE8B26C8DC} = {3F35648D-0947-4C02-B140-84600CFC956B}
		{4D8B8EF8-B852-48C0-BD1E-0FA4DF5C80B5} = {3F35648D-0947-4C02-B140-84600CFC956B}
	EndGlobalSection
EndGlobal
